
Microsoft Visual Studio Solution File, Format Version 12.00
# Visual Studio Version 16
VisualStudioVersion = 16.0.31911.196
MinimumVisualStudioVersion = 10.0.40219.1
Project("{FAE04EC0-301F-11D3-BF4B-00C04F79EFBC}") = "ClientChatApp_20190140020_Fatkhi Alauddin", "ClientChatApp_20190140020_Fatkhi Alauddin\ClientChatApp_20190140020_Fatkhi Alauddin.csproj", "{0B39E7A3-0AC6-47C2-BC2A-DEC9F5FBEE63}"
EndProject
Global
	GlobalSection(SolutionConfigurationPlatforms) = preSolution
		Debug|Any CPU = Debug|Any CPU
		Release|Any CPU = Release|Any CPU
	EndGlobalSection
	GlobalSection(ProjectConfigurationPlatforms) = postSolution
		{0B39E7A3-0AC6-47C2-BC2A-DEC9F5FBEE63}.Debug|Any CPU.ActiveCfg = Debug|Any CPU
		{0B39E7A3-0AC6-47C2-BC2A-DEC9F5FBEE63}.Debug|Any CPU.Build.0 = Debug|Any CPU
		{0B39E7A3-0AC6-47C2-BC2A-DEC9F5FBEE63}.Release|Any CPU.ActiveCfg = Release|Any CPU
		{0B39E7A3-0AC6-47C2-BC2A-DEC9F5FBEE63}.Release|Any CPU.Build.0 = Release|Any CPU
	EndGlobalSection
	GlobalSection(SolutionProperties) = preSolution
		HideSolutionNode = FALSE
	EndGlobalSection
	GlobalSection(ExtensibilityGlobals) = postSolution
		SolutionGuid = {036F1CF9-26FC-4F4D-8DF3-FEC8FF398ADF}
	EndGlobalSection
EndGlobal
